{
  "name": "cli-progress",
  "version": "1.0.0",
  "lockfileVersion": 1,
  "requires": true,
  "dependencies": {
    "@types/color-name": {
      "version": "1.1.1",
      "resolved": "https://artifactory.nordstrom.com/artifactory/api/npm/npm/@types/color-name/-/color-name-1.1.1.tgz",
      "integrity": "sha1-HBJhu+qhCoBVu8XYq4S3sq/IRqA="
    },
    "chalk": {
      "version": "4.0.0",
      "resolved": "https://artifactory.nordstrom.com/artifactory/api/npm/npm/chalk/-/chalk-4.0.0.tgz",
      "integrity": "sha1-bpgIHtLRf6q2FetSrGbsH+YgnnI=",
      "requires": {
        "ansi-styles": "^4.1.0",
        "supports-color": "^7.1.0"
      },
      "dependencies": {
        "ansi-styles": {
          "version": "4.2.1",
          "resolved": "https://artifactory.nordstrom.com/artifactory/api/npm/npm/ansi-styles/-/ansi-styles-4.2.1.tgz",
          "integrity": "sha1-kK51xCTQCNJiTFvynq0xd+v881k=",
          "requires": {
            "@types/color-name": "^1.1.1",
            "color-convert": "^2.0.1"
          }
        },
        "color-convert": {
          "version": "2.0.1",
          "resolved": "https://artifactory.nordstrom.com/artifactory/api/npm/npm/color-convert/-/color-convert-2.0.1.tgz",
          "integrity": "sha1-ctOmjVmMm9s68q0ehPIdiWq9TeM=",
          "requires": {
            "color-name": "~1.1.4"
          }
        },
        "color-name": {
          "version": "1.1.4",
          "resolved": "https://artifactory.nordstrom.com/artifactory/api/npm/npm/color-name/-/color-name-1.1.4.tgz",
          "integrity": "sha1-wqCah6y95pVD3m9j+jmVyCbFNqI="
        },
        "has-flag": {
          "version": "4.0.0",
          "resolved": "https://artifactory.nordstrom.com/artifactory/api/npm/npm/has-flag/-/has-flag-4.0.0.tgz",
          "integrity": "sha1-lEdx/ZyByBJlxNaUGGDaBrtZR5s="
        },
        "supports-color": {
          "version": "7.1.0",
          "resolved": "https://artifactory.nordstrom.com/artifactory/api/npm/npm/supports-color/-/supports-color-7.1.0.tgz",
          "integrity": "sha1-aOMlkd9z4lrRxLSRCKLsUHliv9E=",
          "requires": {
            "has-flag": "^4.0.0"
          }
        }
      }
    },
    "expand-template": {
      "version": "2.0.3",
      "resolved": "https://artifactory.nordstrom.com/artifactory/api/npm/npm/expand-template/-/expand-template-2.0.3.tgz",
      "integrity": "sha1-bhSz/O4POmNA7LV9LokYaSBSpHw="
    },
    "moment": {
      "version": "2.24.0",
      "resolved": "https://artifactory.nordstrom.com/artifactory/api/npm/npm/moment/-/moment-2.24.0.tgz",
      "integrity": "sha1-DQVdU/UFKqZTyfbraLtdEr9cK1s="
    }
  }
}
